
Microsoft Visual Studio Solution File, Format Version 12.00
# Visual Studio Version 16
VisualStudioVersion = 16.0.30804.86
MinimumVisualStudioVersion = 10.0.40219.1
Project("{FAE04EC0-301F-11D3-BF4B-00C04F79EFBC}") = "curso.api", "curso.api\curso.api.csproj", "{FB91DE5D-2ACA-434D-ABCF-A707D0E88C0C}"
EndProject
Global
	GlobalSection(SolutionConfigurationPlatforms) = preSolution
		Debug|Any CPU = Debug|Any CPU
		Release|Any CPU = Release|Any CPU
	EndGlobalSection
	GlobalSection(ProjectConfigurationPlatforms) = postSolution
		{FB91DE5D-2ACA-434D-ABCF-A707D0E88C0C}.Debug|Any CPU.ActiveCfg = Debug|Any CPU
		{FB91DE5D-2ACA-434D-ABCF-A707D0E88C0C}.Debug|Any CPU.Build.0 = Debug|Any CPU
		{FB91DE5D-2ACA-434D-ABCF-A707D0E88C0C}.Release|Any CPU.ActiveCfg = Release|Any CPU
		{FB91DE5D-2ACA-434D-ABCF-A707D0E88C0C}.Release|Any CPU.Build.0 = Release|Any CPU
	EndGlobalSection
	GlobalSection(SolutionProperties) = preSolution
		HideSolutionNode = FALSE
	EndGlobalSection
	GlobalSection(ExtensibilityGlobals) = postSolution
		SolutionGuid = {2B82CAAE-A127-4B2C-8400-C5872CF78CE8}
	EndGlobalSection
EndGlobal
